
Microsoft Visual Studio Solution File, Format Version 12.00
# Visual Studio Version 17
VisualStudioVersion = 17.3.32901.215
MinimumVisualStudioVersion = 10.0.40219.1
Project("{FAE04EC0-301F-11D3-BF4B-00C04F79EFBC}") = "GitHubActions_Oef1", "GitHubActions_Oef1\GitHubActions_Oef1.csproj", "{06E02DE6-A028-47BA-AF22-1EAB6675715A}"
EndProject
Global
	GlobalSection(SolutionConfigurationPlatforms) = preSolution
		Debug|Any CPU = Debug|Any CPU
		Release|Any CPU = Release|Any CPU
	EndGlobalSection
	GlobalSection(ProjectConfigurationPlatforms) = postSolution
		{06E02DE6-A028-47BA-AF22-1EAB6675715A}.Debug|Any CPU.ActiveCfg = Debug|Any CPU
		{06E02DE6-A028-47BA-AF22-1EAB6675715A}.Debug|Any CPU.Build.0 = Debug|Any CPU
		{06E02DE6-A028-47BA-AF22-1EAB6675715A}.Release|Any CPU.ActiveCfg = Release|Any CPU
		{06E02DE6-A028-47BA-AF22-1EAB6675715A}.Release|Any CPU.Build.0 = Release|Any CPU
	EndGlobalSection
	GlobalSection(SolutionProperties) = preSolution
		HideSolutionNode = FALSE
	EndGlobalSection
	GlobalSection(ExtensibilityGlobals) = postSolution
		SolutionGuid = {35427C1E-862E-46F0-96BE-B55255AA898A}
	EndGlobalSection
EndGlobal
